// !$*UTF8*$!
{
	archiveVersion = 1;
	classes = {
	};
	objectVersion = 52;
	objects = {

/* Begin PBXBuildFile section */
		D62413752A24E5DF00422207 /* SnapKit in Frameworks */ = {isa = PBXBuildFile; productRef = D62413742A24E5DF00422207 /* SnapKit */; };
		D62413772A24EA0B00422207 /* StartViewController.swift in Sources */ = {isa = PBXBuildFile; fileRef = D62413762A24EA0B00422207 /* StartViewController.swift */; };
		D62413792A24F08100422207 /* PostViewController.swift in Sources */ = {isa = PBXBuildFile; fileRef = D62413782A24F08100422207 /* PostViewController.swift */; };
		D66274EF2A2201FA00AF2B75 /* AppDelegate.swift in Sources */ = {isa = PBXBuildFile; fileRef = D66274EE2A2201FA00AF2B75 /* AppDelegate.swift */; };
		D66274F12A2201FA00AF2B75 /* SceneDelegate.swift in Sources */ = {isa = PBXBuildFile; fileRef = D66274F02A2201FA00AF2B75 /* SceneDelegate.swift */; };
		D66274F32A2201FA00AF2B75 /* ProductsController.swift in Sources */ = {isa = PBXBuildFile; fileRef = D66274F22A2201FA00AF2B75 /* ProductsController.swift */; };
		D66274F82A2201FD00AF2B75 /* Assets.xcassets in Resources */ = {isa = PBXBuildFile; fileRef = D66274F72A2201FD00AF2B75 /* Assets.xcassets */; };
		D66274FB2A2201FD00AF2B75 /* LaunchScreen.storyboard in Resources */ = {isa = PBXBuildFile; fileRef = D66274F92A2201FD00AF2B75 /* LaunchScreen.storyboard */; };
		D6EDE18A2A2619390030847E /* Kingfisher in Frameworks */ = {isa = PBXBuildFile; productRef = D6EDE1892A2619390030847E /* Kingfisher */; };
		D6EF37002A24D72300EBED95 /* APIManager.swift in Sources */ = {isa = PBXBuildFile; fileRef = D6EF36FF2A24D72300EBED95 /* APIManager.swift */; };
		D6EF37052A24D79800EBED95 /* CustomTableView.swift in Sources */ = {isa = PBXBuildFile; fileRef = D6EF37042A24D79800EBED95 /* CustomTableView.swift */; };
		D6EF370A2A24D81900EBED95 /* Models.swift in Sources */ = {isa = PBXBuildFile; fileRef = D6EF37092A24D81900EBED95 /* Models.swift */; };
/* End PBXBuildFile section */

/* Begin PBXFileReference section */
		D62413762A24EA0B00422207 /* StartViewController.swift */ = {isa = PBXFileReference; lastKnownFileType = sourcecode.swift; path = StartViewController.swift; sourceTree = "<group>"; };
		D62413782A24F08100422207 /* PostViewController.swift */ = {isa = PBXFileReference; lastKnownFileType = sourcecode.swift; path = PostViewController.swift; sourceTree = "<group>"; };
		D66274EB2A2201FA00AF2B75 /* homework5.4.app */ = {isa = PBXFileReference; explicitFileType = wrapper.application; includeInIndex = 0; path = homework5.4.app; sourceTree = BUILT_PRODUCTS_DIR; };
		D66274EE2A2201FA00AF2B75 /* AppDelegate.swift */ = {isa = PBXFileReference; lastKnownFileType = sourcecode.swift; path = AppDelegate.swift; sourceTree = "<group>"; };
		D66274F02A2201FA00AF2B75 /* SceneDelegate.swift */ = {isa = PBXFileReference; lastKnownFileType = sourcecode.swift; path = SceneDelegate.swift; sourceTree = "<group>"; };
		D66274F22A2201FA00AF2B75 /* ProductsController.swift */ = {isa = PBXFileReference; lastKnownFileType = sourcecode.swift; path = ProductsController.swift; sourceTree = "<group>"; };
		D66274F72A2201FD00AF2B75 /* Assets.xcassets */ = {isa = PBXFileReference; lastKnownFileType = folder.assetcatalog; path = Assets.xcassets; sourceTree = "<group>"; };
		D66274FA2A2201FD00AF2B75 /* Base */ = {isa = PBXFileReference; lastKnownFileType = file.storyboard; name = Base; path = Base.lproj/LaunchScreen.storyboard; sourceTree = "<group>"; };
		D66274FC2A2201FD00AF2B75 /* Info.plist */ = {isa = PBXFileReference; lastKnownFileType = text.plist.xml; path = Info.plist; sourceTree = "<group>"; };
		D6EF36FF2A24D72300EBED95 /* APIManager.swift */ = {isa = PBXFileReference; lastKnownFileType = sourcecode.swift; path = APIManager.swift; sourceTree = "<group>"; };
		D6EF37042A24D79800EBED95 /* CustomTableView.swift */ = {isa = PBXFileReference; lastKnownFileType = sourcecode.swift; path = CustomTableView.swift; sourceTree = "<group>"; };
		D6EF37092A24D81900EBED95 /* Models.swift */ = {isa = PBXFileReference; lastKnownFileType = sourcecode.swift; path = Models.swift; sourceTree = "<group>"; };
/* End PBXFileReference section */

/* Begin PBXFrameworksBuildPhase section */
		D66274E82A2201FA00AF2B75 /* Frameworks */ = {
			isa = PBXFrameworksBuildPhase;
			buildActionMask = 2147483647;
			files = (
				D6EDE18A2A2619390030847E /* Kingfisher in Frameworks */,
				D62413752A24E5DF00422207 /* SnapKit in Frameworks */,
			);
			runOnlyForDeploymentPostprocessing = 0;
		};
/* End PBXFrameworksBuildPhase section */

/* Begin PBXGroup section */
		D66274E22A2201FA00AF2B75 = {
			isa = PBXGroup;
			children = (
				D66274ED2A2201FA00AF2B75 /* homework5.4 */,
				D66274EC2A2201FA00AF2B75 /* Products */,
			);
			sourceTree = "<group>";
		};
		D66274EC2A2201FA00AF2B75 /* Products */ = {
			isa = PBXGroup;
			children = (
				D66274EB2A2201FA00AF2B75 /* homework5.4.app */,
			);
			name = Products;
			sourceTree = "<group>";
		};
		D66274ED2A2201FA00AF2B75 /* homework5.4 */ = {
			isa = PBXGroup;
			children = (
				D6EF37082A24D80400EBED95 /* Models */,
				D6EF37032A24D75900EBED95 /* CustomTableViewCell */,
				D6EF36FD2A24D6CE00EBED95 /* Networking */,
				D6EF36FC2A24D6BA00EBED95 /* Delegate */,
				D6EF36FB2A24D6A900EBED95 /* ViewControllers */,
				D66274F72A2201FD00AF2B75 /* Assets.xcassets */,
				D66274F92A2201FD00AF2B75 /* LaunchScreen.storyboard */,
				D66274FC2A2201FD00AF2B75 /* Info.plist */,
			);
			path = homework5.4;
			sourceTree = "<group>";
		};
		D6EF36FB2A24D6A900EBED95 /* ViewControllers */ = {
			isa = PBXGroup;
			children = (
				D62413762A24EA0B00422207 /* StartViewController.swift */,
				D66274F22A2201FA00AF2B75 /* ProductsController.swift */,
				D62413782A24F08100422207 /* PostViewController.swift */,
			);
			path = ViewControllers;
			sourceTree = "<group>";
		};
		D6EF36FC2A24D6BA00EBED95 /* Delegate */ = {
			isa = PBXGroup;
			children = (
				D66274F02A2201FA00AF2B75 /* SceneDelegate.swift */,
				D66274EE2A2201FA00AF2B75 /* AppDelegate.swift */,
			);
			path = Delegate;
			sourceTree = "<group>";
		};
		D6EF36FD2A24D6CE00EBED95 /* Networking */ = {
			isa = PBXGroup;
			children = (
				D6EF36FF2A24D72300EBED95 /* APIManager.swift */,
			);
			path = Networking;
			sourceTree = "<group>";
		};
		D6EF37032A24D75900EBED95 /* CustomTableViewCell */ = {
			isa = PBXGroup;
			children = (
				D6EF37042A24D79800EBED95 /* CustomTableView.swift */,
			);
			path = CustomTableViewCell;
			sourceTree = "<group>";
		};
		D6EF37082A24D80400EBED95 /* Models */ = {
			isa = PBXGroup;
			children = (
				D6EF37092A24D81900EBED95 /* Models.swift */,
			);
			path = Models;
			sourceTree = "<group>";
		};
/* End PBXGroup section */

/* Begin PBXNativeTarget section */
		D66274EA2A2201FA00AF2B75 /* homework5.4 */ = {
			isa = PBXNativeTarget;
			buildConfigurationList = D66274FF2A2201FD00AF2B75 /* Build configuration list for PBXNativeTarget "homework5.4" */;
			buildPhases = (
				D66274E72A2201FA00AF2B75 /* Sources */,
				D66274E82A2201FA00AF2B75 /* Frameworks */,
				D66274E92A2201FA00AF2B75 /* Resources */,
			);
			buildRules = (
			);
			dependencies = (
			);
			name = homework5.4;
			packageProductDependencies = (
				D62413742A24E5DF00422207 /* SnapKit */,
				D6EDE1892A2619390030847E /* Kingfisher */,
			);
			productName = homework5.4;
			productReference = D66274EB2A2201FA00AF2B75 /* homework5.4.app */;
			productType = "com.apple.product-type.application";
		};
/* End PBXNativeTarget section */

/* Begin PBXProject section */
		D66274E32A2201FA00AF2B75 /* Project object */ = {
			isa = PBXProject;
			attributes = {
				LastSwiftUpdateCheck = 1230;
				LastUpgradeCheck = 1230;
				TargetAttributes = {
					D66274EA2A2201FA00AF2B75 = {
						CreatedOnToolsVersion = 12.3;
					};
				};
			};
			buildConfigurationList = D66274E62A2201FA00AF2B75 /* Build configuration list for PBXProject "homework5.4" */;
			compatibilityVersion = "Xcode 9.3";
			developmentRegion = en;
			hasScannedForEncodings = 0;
			knownRegions = (
				en,
				Base,
			);
			mainGroup = D66274E22A2201FA00AF2B75;
			packageReferences = (
				D62413732A24E5DF00422207 /* XCRemoteSwiftPackageReference "SnapKit" */,
				D6EDE1882A2619390030847E /* XCRemoteSwiftPackageReference "Kingfisher" */,
			);
			productRefGroup = D66274EC2A2201FA00AF2B75 /* Products */;
			projectDirPath = "";
			projectRoot = "";
			targets = (
				D66274EA2A2201FA00AF2B75 /* homework5.4 */,
			);
		};
/* End PBXProject section */

/* Begin PBXResourcesBuildPhase section */
		D66274E92A2201FA00AF2B75 /* Resources */ = {
			isa = PBXResourcesBuildPhase;
			buildActionMask = 2147483647;
			files = (
				D66274FB2A2201FD00AF2B75 /* LaunchScreen.storyboard in Resources */,
				D66274F82A2201FD00AF2B75 /* Assets.xcassets in Resources */,
			);
			runOnlyForDeploymentPostprocessing = 0;
		};
/* End PBXResourcesBuildPhase section */

/* Begin PBXSourcesBuildPhase section */
		D66274E72A2201FA00AF2B75 /* Sources */ = {
			isa = PBXSourcesBuildPhase;
			buildActionMask = 2147483647;
			files = (
				D62413792A24F08100422207 /* PostViewController.swift in Sources */,
				D6EF37052A24D79800EBED95 /* CustomTableView.swift in Sources */,
				D62413772A24EA0B00422207 /* StartViewController.swift in Sources */,
				D6EF37002A24D72300EBED95 /* APIManager.swift in Sources */,
				D66274F32A2201FA00AF2B75 /* ProductsController.swift in Sources */,
				D6EF370A2A24D81900EBED95 /* Models.swift in Sources */,
				D66274EF2A2201FA00AF2B75 /* AppDelegate.swift in Sources */,
				D66274F12A2201FA00AF2B75 /* SceneDelegate.swift in Sources */,
			);
			runOnlyForDeploymentPostprocessing = 0;
		};
/* End PBXSourcesBuildPhase section */

/* Begin PBXVariantGroup section */
		D66274F92A2201FD00AF2B75 /* LaunchScreen.storyboard */ = {
			isa = PBXVariantGroup;
			children = (
				D66274FA2A2201FD00AF2B75 /* Base */,
			);
			name = LaunchScreen.storyboard;
			sourceTree = "<group>";
		};
/* End PBXVariantGroup section */

/* Begin XCBuildConfiguration section */
		D66274FD2A2201FD00AF2B75 /* Debug */ = {
			isa = XCBuildConfiguration;
			buildSettings = {
				ALWAYS_SEARCH_USER_PATHS = NO;
				CLANG_ANALYZER_NONNULL = YES;
				CLANG_ANALYZER_NUMBER_OBJECT_CONVERSION = YES_AGGRESSIVE;
				CLANG_CXX_LANGUAGE_STANDARD = "gnu++14";
				CLANG_CXX_LIBRARY = "libc++";
				CLANG_ENABLE_MODULES = YES;
				CLANG_ENABLE_OBJC_ARC = YES;
				CLANG_ENABLE_OBJC_WEAK = YES;
				CLANG_WARN_BLOCK_CAPTURE_AUTORELEASING = YES;
				CLANG_WARN_BOOL_CONVERSION = YES;
				CLANG_WARN_COMMA = YES;
				CLANG_WARN_CONSTANT_CONVERSION = YES;
				CLANG_WARN_DEPRECATED_OBJC_IMPLEMENTATIONS = YES;
				CLANG_WARN_DIRECT_OBJC_ISA_USAGE = YES_ERROR;
				CLANG_WARN_DOCUMENTATION_COMMENTS = YES;
				CLANG_WARN_EMPTY_BODY = YES;
				CLANG_WARN_ENUM_CONVERSION = YES;
				CLANG_WARN_INFINITE_RECURSION = YES;
				CLANG_WARN_INT_CONVERSION = YES;
				CLANG_WARN_NON_LITERAL_NULL_CONVERSION = YES;
				CLANG_WARN_OBJC_IMPLICIT_RETAIN_SELF = YES;
				CLANG_WARN_OBJC_LITERAL_CONVERSION = YES;
				CLANG_WARN_OBJC_ROOT_CLASS = YES_ERROR;
				CLANG_WARN_QUOTED_INCLUDE_IN_FRAMEWORK_HEADER = YES;
				CLANG_WARN_RANGE_LOOP_ANALYSIS = YES;
				CLANG_WARN_STRICT_PROTOTYPES = YES;
				CLANG_WARN_SUSPICIOUS_MOVE = YES;
				CLANG_WARN_UNGUARDED_AVAILABILITY = YES_AGGRESSIVE;
				CLANG_WARN_UNREACHABLE_CODE = YES;
				CLANG_WARN__DUPLICATE_METHOD_MATCH = YES;
				COPY_PHASE_STRIP = NO;
				DEBUG_INFORMATION_FORMAT = dwarf;
				ENABLE_STRICT_OBJC_MSGSEND = YES;
				ENABLE_TESTABILITY = YES;
				GCC_C_LANGUAGE_STANDARD = gnu11;
				GCC_DYNAMIC_NO_PIC = NO;
				GCC_NO_COMMON_BLOCKS = YES;
				GCC_OPTIMIZATION_LEVEL = 0;
				GCC_PREPROCESSOR_DEFINITIONS = (
					"DEBUG=1",
					"$(inherited)",
				);
				GCC_WARN_64_TO_32_BIT_CONVERSION = YES;
				GCC_WARN_ABOUT_RETURN_TYPE = YES_ERROR;
				GCC_WARN_UNDECLARED_SELECTOR = YES;
				GCC_WARN_UNINITIALIZED_AUTOS = YES_AGGRESSIVE;
				GCC_WARN_UNUSED_FUNCTION = YES;
				GCC_WARN_UNUSED_VARIABLE = YES;
				IPHONEOS_DEPLOYMENT_TARGET = 15.0;
				MTL_ENABLE_DEBUG_INFO = INCLUDE_SOURCE;
				MTL_FAST_MATH = YES;
				ONLY_ACTIVE_ARCH = YES;
				SDKROOT = iphoneos;
				SWIFT_ACTIVE_COMPILATION_CONDITIONS = DEBUG;
				SWIFT_OPTIMIZATION_LEVEL = "-Onone";
			};
			name = Debug;
		};
		D66274FE2A2201FD00AF2B75 /* Release */ = {
			isa = XCBuildConfiguration;
			buildSettings = {
				ALWAYS_SEARCH_USER_PATHS = NO;
				CLANG_ANALYZER_NONNULL = YES;
				CLANG_ANALYZER_NUMBER_OBJECT_CONVERSION = YES_AGGRESSIVE;
				CLANG_CXX_LANGUAGE_STANDARD = "gnu++14";
				CLANG_CXX_LIBRARY = "libc++";
				CLANG_ENABLE_MODULES = YES;
				CLANG_ENABLE_OBJC_ARC = YES;
				CLANG_ENABLE_OBJC_WEAK = YES;
				CLANG_WARN_BLOCK_CAPTURE_AUTORELEASING = YES;
				CLANG_WARN_BOOL_CONVERSION = YES;
				CLANG_WARN_COMMA = YES;
				CLANG_WARN_CONSTANT_CONVERSION = YES;
				CLANG_WARN_DEPRECATED_OBJC_IMPLEMENTATIONS = YES;
				CLANG_WARN_DIRECT_OBJC_ISA_USAGE = YES_ERROR;
				CLANG_WARN_DOCUMENTATION_COMMENTS = YES;
				CLANG_WARN_EMPTY_BODY = YES;
				CLANG_WARN_ENUM_CONVERSION = YES;
				CLANG_WARN_INFINITE_RECURSION = YES;
				CLANG_WARN_INT_CONVERSION = YES;
				CLANG_WARN_NON_LITERAL_NULL_CONVERSION = YES;
				CLANG_WARN_OBJC_IMPLICIT_RETAIN_SELF = YES;
				CLANG_WARN_OBJC_LITERAL_CONVERSION = YES;
				CLANG_WARN_OBJC_ROOT_CLASS = YES_ERROR;
				CLANG_WARN_QUOTED_INCLUDE_IN_FRAMEWORK_HEADER = YES;
				CLANG_WARN_RANGE_LOOP_ANALYSIS = YES;
				CLANG_WARN_STRICT_PROTOTYPES = YES;
				CLANG_WARN_SUSPICIOUS_MOVE = YES;
				CLANG_WARN_UNGUARDED_AVAILABILITY = YES_AGGRESSIVE;
				CLANG_WARN_UNREACHABLE_CODE = YES;
				CLANG_WARN__DUPLICATE_METHOD_MATCH = YES;
				COPY_PHASE_STRIP = NO;
				DEBUG_INFORMATION_FORMAT = "dwarf-with-dsym";
				ENABLE_NS_ASSERTIONS = NO;
				ENABLE_STRICT_OBJC_MSGSEND = YES;
				GCC_C_LANGUAGE_STANDARD = gnu11;
				GCC_NO_COMMON_BLOCKS = YES;
				GCC_WARN_64_TO_32_BIT_CONVERSION = YES;
				GCC_WARN_ABOUT_RETURN_TYPE = YES_ERROR;
				GCC_WARN_UNDECLARED_SELECTOR = YES;
				GCC_WARN_UNINITIALIZED_AUTOS = YES_AGGRESSIVE;
				GCC_WARN_UNUSED_FUNCTION = YES;
				GCC_WARN_UNUSED_VARIABLE = YES;
				IPHONEOS_DEPLOYMENT_TARGET = 15.0;
				MTL_ENABLE_DEBUG_INFO = NO;
				MTL_FAST_MATH = YES;
				SDKROOT = iphoneos;
				SWIFT_COMPILATION_MODE = wholemodule;
				SWIFT_OPTIMIZATION_LEVEL = "-O";
				VALIDATE_PRODUCT = YES;
			};
			name = Release;
		};
		D66275002A2201FD00AF2B75 /* Debug */ = {
			isa = XCBuildConfiguration;
			buildSettings = {
				ASSETCATALOG_COMPILER_APPICON_NAME = AppIcon;
				ASSETCATALOG_COMPILER_GLOBAL_ACCENT_COLOR_NAME = AccentColor;
				CODE_SIGN_STYLE = Automatic;
				INFOPLIST_FILE = homework5.4/Info.plist;
				LD_RUNPATH_SEARCH_PATHS = (
					"$(inherited)",
					"@executable_path/Frameworks",
				);
				PRODUCT_BUNDLE_IDENTIFIER = "com.mycookie.homework5-4";
				PRODUCT_NAME = "$(TARGET_NAME)";
				SWIFT_VERSION = 5.0;
				TARGETED_DEVICE_FAMILY = "1,2";
			};
			name = Debug;
		};
		D66275012A2201FD00AF2B75 /* Release */ = {
			isa = XCBuildConfiguration;
			buildSettings = {
				ASSETCATALOG_COMPILER_APPICON_NAME = AppIcon;
				ASSETCATALOG_COMPILER_GLOBAL_ACCENT_COLOR_NAME = AccentColor;
				CODE_SIGN_STYLE = Automatic;
				INFOPLIST_FILE = homework5.4/Info.plist;
				LD_RUNPATH_SEARCH_PATHS = (
					"$(inherited)",
					"@executable_path/Frameworks",
				);
				PRODUCT_BUNDLE_IDENTIFIER = "com.mycookie.homework5-4";
				PRODUCT_NAME = "$(TARGET_NAME)";
				SWIFT_VERSION = 5.0;
				TARGETED_DEVICE_FAMILY = "1,2";
			};
			name = Release;
		};
/* End XCBuildConfiguration section */

/* Begin XCConfigurationList section */
		D66274E62A2201FA00AF2B75 /* Build configuration list for PBXProject "homework5.4" */ = {
			isa = XCConfigurationList;
			buildConfigurations = (
				D66274FD2A2201FD00AF2B75 /* Debug */,
				D66274FE2A2201FD00AF2B75 /* Release */,
			);
			defaultConfigurationIsVisible = 0;
			defaultConfigurationName = Release;
		};
		D66274FF2A2201FD00AF2B75 /* Build configuration list for PBXNativeTarget "homework5.4" */ = {
			isa = XCConfigurationList;
			buildConfigurations = (
				D66275002A2201FD00AF2B75 /* Debug */,
				D66275012A2201FD00AF2B75 /* Release */,
			);
			defaultConfigurationIsVisible = 0;
			defaultConfigurationName = Release;
		};
/* End XCConfigurationList section */

/* Begin XCRemoteSwiftPackageReference section */
		D62413732A24E5DF00422207 /* XCRemoteSwiftPackageReference "SnapKit" */ = {
			isa = XCRemoteSwiftPackageReference;
			repositoryURL = "https://github.com/SnapKit/SnapKit.git";
			requirement = {
				kind = upToNextMajorVersion;
				minimumVersion = 5.0.0;
			};
		};
		D6EDE1882A2619390030847E /* XCRemoteSwiftPackageReference "Kingfisher" */ = {
			isa = XCRemoteSwiftPackageReference;
			repositoryURL = "https://github.com/onevcat/Kingfisher.git";
			requirement = {
				kind = upToNextMajorVersion;
				minimumVersion = 6.3.0;
			};
		};
/* End XCRemoteSwiftPackageReference section */

/* Begin XCSwiftPackageProductDependency section */
		D62413742A24E5DF00422207 /* SnapKit */ = {
			isa = XCSwiftPackageProductDependency;
			package = D62413732A24E5DF00422207 /* XCRemoteSwiftPackageReference "SnapKit" */;
			productName = SnapKit;
		};
		D6EDE1892A2619390030847E /* Kingfisher */ = {
			isa = XCSwiftPackageProductDependency;
			package = D6EDE1882A2619390030847E /* XCRemoteSwiftPackageReference "Kingfisher" */;
			productName = Kingfisher;
		};
/* End XCSwiftPackageProductDependency section */
	};
	rootObject = D66274E32A2201FA00AF2B75 /* Project object */;
}
